
Microsoft Visual Studio Solution File, Format Version 12.00
# Visual Studio Version 17
VisualStudioVersion = 17.0.31903.59
MinimumVisualStudioVersion = 10.0.40219.1
Project("{2150E333-8FDC-42A3-9474-1A3956D46DE8}") = "app", "app", "{F95B4824-89CB-4E99-9B6E-E29632004F36}"
EndProject
Project("{2150E333-8FDC-42A3-9474-1A3956D46DE8}") = "src", "src", "{4BE6938D-1A69-4BA6-8BD5-327A034AE095}"
EndProject
Project("{FAE04EC0-301F-11D3-BF4B-00C04F79EFBC}") = "HelloWorldApi", "src\HelloWorldApi\HelloWorldApi.csproj", "{0FCF4662-D0E3-4166-9624-442C73A26EE7}"
EndProject
Global
	GlobalSection(SolutionConfigurationPlatforms) = preSolution
		Debug|Any CPU = Debug|Any CPU
		Release|Any CPU = Release|Any CPU
	EndGlobalSection
	GlobalSection(SolutionProperties) = preSolution
		HideSolutionNode = FALSE
	EndGlobalSection
	GlobalSection(ProjectConfigurationPlatforms) = postSolution
		{0FCF4662-D0E3-4166-9624-442C73A26EE7}.Debug|Any CPU.ActiveCfg = Debug|Any CPU
		{0FCF4662-D0E3-4166-9624-442C73A26EE7}.Debug|Any CPU.Build.0 = Debug|Any CPU
		{0FCF4662-D0E3-4166-9624-442C73A26EE7}.Release|Any CPU.ActiveCfg = Release|Any CPU
		{0FCF4662-D0E3-4166-9624-442C73A26EE7}.Release|Any CPU.Build.0 = Release|Any CPU
	EndGlobalSection
	GlobalSection(NestedProjects) = preSolution
		{4BE6938D-1A69-4BA6-8BD5-327A034AE095} = {F95B4824-89CB-4E99-9B6E-E29632004F36}
		{0FCF4662-D0E3-4166-9624-442C73A26EE7} = {4BE6938D-1A69-4BA6-8BD5-327A034AE095}
	EndGlobalSection
EndGlobal
